
Microsoft Visual Studio Solution File, Format Version 12.00
# Visual Studio 15
VisualStudioVersion = 15.0.28307.168
MinimumVisualStudioVersion = 10.0.40219.1
Project("{FAE04EC0-301F-11D3-BF4B-00C04F79EFBC}") = "MyApp", "MyApp\MyApp.csproj", "{D05264ED-1949-4CD6-8F82-4C8A39869B0C}"
EndProject
Project("{FAE04EC0-301F-11D3-BF4B-00C04F79EFBC}") = "DependencyTest", "DependencyTest\DependencyTest.csproj", "{39C967AE-566E-451D-823E-BE7B22C106EB}"
EndProject
Global
	GlobalSection(SolutionConfigurationPlatforms) = preSolution
		Debug|Any CPU = Debug|Any CPU
		Release|Any CPU = Release|Any CPU
	EndGlobalSection
	GlobalSection(ProjectConfigurationPlatforms) = postSolution
		{D05264ED-1949-4CD6-8F82-4C8A39869B0C}.Debug|Any CPU.ActiveCfg = Debug|Any CPU
		{D05264ED-1949-4CD6-8F82-4C8A39869B0C}.Debug|Any CPU.Build.0 = Debug|Any CPU
		{D05264ED-1949-4CD6-8F82-4C8A39869B0C}.Release|Any CPU.ActiveCfg = Release|Any CPU
		{D05264ED-1949-4CD6-8F82-4C8A39869B0C}.Release|Any CPU.Build.0 = Release|Any CPU
		{39C967AE-566E-451D-823E-BE7B22C106EB}.Debug|Any CPU.ActiveCfg = Debug|Any CPU
		{39C967AE-566E-451D-823E-BE7B22C106EB}.Debug|Any CPU.Build.0 = Debug|Any CPU
		{39C967AE-566E-451D-823E-BE7B22C106EB}.Release|Any CPU.ActiveCfg = Release|Any CPU
		{39C967AE-566E-451D-823E-BE7B22C106EB}.Release|Any CPU.Build.0 = Release|Any CPU
	EndGlobalSection
	GlobalSection(SolutionProperties) = preSolution
		HideSolutionNode = FALSE
	EndGlobalSection
	GlobalSection(ExtensibilityGlobals) = postSolution
		SolutionGuid = {541E1D9B-E465-473A-9C6F-668A89B31C7A}
	EndGlobalSection
EndGlobal
